
Microsoft Visual Studio Solution File, Format Version 12.00
# Visual Studio Version 16
VisualStudioVersion = 16.0.29424.173
MinimumVisualStudioVersion = 10.0.40219.1
Project("{FAE04EC0-301F-11D3-BF4B-00C04F79EFBC}") = "Tanks1990", "Tanks1990\Tanks1990.csproj", "{F95CEC23-A928-439B-AB77-3041FD9FFF16}"
EndProject
Global
	GlobalSection(SolutionConfigurationPlatforms) = preSolution
		Debug|Any CPU = Debug|Any CPU
		Release|Any CPU = Release|Any CPU
	EndGlobalSection
	GlobalSection(ProjectConfigurationPlatforms) = postSolution
		{F95CEC23-A928-439B-AB77-3041FD9FFF16}.Debug|Any CPU.ActiveCfg = Debug|Any CPU
		{F95CEC23-A928-439B-AB77-3041FD9FFF16}.Debug|Any CPU.Build.0 = Debug|Any CPU
		{F95CEC23-A928-439B-AB77-3041FD9FFF16}.Release|Any CPU.ActiveCfg = Release|Any CPU
		{F95CEC23-A928-439B-AB77-3041FD9FFF16}.Release|Any CPU.Build.0 = Release|Any CPU
	EndGlobalSection
	GlobalSection(SolutionProperties) = preSolution
		HideSolutionNode = FALSE
	EndGlobalSection
	GlobalSection(ExtensibilityGlobals) = postSolution
		SolutionGuid = {C57E1BF6-F62A-46DA-B13E-85EAA29191D3}
	EndGlobalSection
EndGlobal
